{
  "lockfileVersion": 1,
  "workspaces": {
    "": {
      "dependencies": {
        "@hono/zod-validator": "^0.7.1",
        "hono-rate-limiter": "^0.4.2",
        "zod": "^4.0.5"
      }
    }
  },
  "packages": {
    "@hono/zod-validator": [
      "@hono/zod-validator@0.7.1",
      "",
      { "peerDependencies": { "hono": ">=3.9.0", "zod": "^3.25.0 || ^4.0.0" } },
      "sha512-8+vJT1RvezAx5sN7hiZ5Mis0RMuFL77nBEcqQQgT9ufoLkxr+7ll461WlBJQcGoQSY6EGMClVae19v3s/7bbgQ=="
    ],

    "hono": [
      "hono@4.8.5",
      "",
      {},
      "sha512-Up2cQbtNz1s111qpnnECdTGqSIUIhZJMLikdKkshebQSEBcoUKq6XJayLGqSZWidiH0zfHRCJqFu062Mz5UuRA=="
    ],

    "hono-rate-limiter": [
      "hono-rate-limiter@0.4.2",
      "",
      { "peerDependencies": { "hono": "^4.1.1" } },
      "sha512-AAtFqgADyrmbDijcRTT/HJfwqfvhalya2Zo+MgfdrMPas3zSMD8SU03cv+ZsYwRU1swv7zgVt0shwN059yzhjw=="
    ],

    "zod": [
      "zod@4.0.5",
      "",
      {},
      "sha512-/5UuuRPStvHXu7RS+gmvRf4NXrNxpSllGwDnCBcJZtQsKrviYXm54yDGV2KYNLT5kq0lHGcl7lqWJLgSaG+tgA=="
    ]
  }
}
